// !$*UTF8*$!
{
	archiveVersion = 1;
	classes = {
	};
	objectVersion = 55;
	objects = {

/* Begin PBXBuildFile section */
		6C15694227B7BC6500D7C88B /* SongLyricsAPI.swift in Sources */ = {isa = PBXBuildFile; fileRef = 6C15694127B7BC6500D7C88B /* SongLyricsAPI.swift */; };
		6C15694427B7BC6500D7C88B /* ContentView.swift in Sources */ = {isa = PBXBuildFile; fileRef = 6C15694327B7BC6500D7C88B /* ContentView.swift */; };
		6C15694627B7BC6600D7C88B /* Assets.xcassets in Resources */ = {isa = PBXBuildFile; fileRef = 6C15694527B7BC6600D7C88B /* Assets.xcassets */; };
		6C15694927B7BC6600D7C88B /* Preview Assets.xcassets in Resources */ = {isa = PBXBuildFile; fileRef = 6C15694827B7BC6600D7C88B /* Preview Assets.xcassets */; };
		6C15695227B7C6DD00D7C88B /* APIManager.swift in Sources */ = {isa = PBXBuildFile; fileRef = 6C15695127B7C6DD00D7C88B /* APIManager.swift */; };
		6C15695727B83BAB00D7C88B /* FirstData.swift in Sources */ = {isa = PBXBuildFile; fileRef = 6C15695627B83BAB00D7C88B /* FirstData.swift */; };
		6C15695927B840EF00D7C88B /* FirstDataModel.swift in Sources */ = {isa = PBXBuildFile; fileRef = 6C15695827B840EF00D7C88B /* FirstDataModel.swift */; };
		6C36800D27BE5B0400427E7F /* LyricsContentView.swift in Sources */ = {isa = PBXBuildFile; fileRef = 6C36800C27BE5B0400427E7F /* LyricsContentView.swift */; };
		6CC4B85027CAEDA0000C1F25 /* APIKey.swift in Sources */ = {isa = PBXBuildFile; fileRef = 6CC4B84F27CAEDA0000C1F25 /* APIKey.swift */; };
		6CD2540327BA70DD00528397 /* ResultsList.swift in Sources */ = {isa = PBXBuildFile; fileRef = 6CD2540227BA70DD00528397 /* ResultsList.swift */; };
		6CD2540527BA73F900528397 /* ResultData.swift in Sources */ = {isa = PBXBuildFile; fileRef = 6CD2540427BA73F900528397 /* ResultData.swift */; };
		6CD2540727BA753500528397 /* ResultModel.swift in Sources */ = {isa = PBXBuildFile; fileRef = 6CD2540627BA753500528397 /* ResultModel.swift */; };
		6CD6ADC427CD5EEC00EECBD2 /* SongInfo.swift in Sources */ = {isa = PBXBuildFile; fileRef = 6CD6ADC327CD5EEC00EECBD2 /* SongInfo.swift */; };
		6CD6ADC627CD5F2D00EECBD2 /* IDTrackManager.swift in Sources */ = {isa = PBXBuildFile; fileRef = 6CD6ADC527CD5F2D00EECBD2 /* IDTrackManager.swift */; };
/* End PBXBuildFile section */

/* Begin PBXFileReference section */
		6C15693E27B7BC6500D7C88B /* SongLyricsAPI.app */ = {isa = PBXFileReference; explicitFileType = wrapper.application; includeInIndex = 0; path = SongLyricsAPI.app; sourceTree = BUILT_PRODUCTS_DIR; };
		6C15694127B7BC6500D7C88B /* SongLyricsAPI.swift */ = {isa = PBXFileReference; lastKnownFileType = sourcecode.swift; path = SongLyricsAPI.swift; sourceTree = "<group>"; };
		6C15694327B7BC6500D7C88B /* ContentView.swift */ = {isa = PBXFileReference; lastKnownFileType = sourcecode.swift; path = ContentView.swift; sourceTree = "<group>"; };
		6C15694527B7BC6600D7C88B /* Assets.xcassets */ = {isa = PBXFileReference; lastKnownFileType = folder.assetcatalog; path = Assets.xcassets; sourceTree = "<group>"; };
		6C15694827B7BC6600D7C88B /* Preview Assets.xcassets */ = {isa = PBXFileReference; lastKnownFileType = folder.assetcatalog; path = "Preview Assets.xcassets"; sourceTree = "<group>"; };
		6C15695127B7C6DD00D7C88B /* APIManager.swift */ = {isa = PBXFileReference; lastKnownFileType = sourcecode.swift; path = APIManager.swift; sourceTree = "<group>"; };
		6C15695627B83BAB00D7C88B /* FirstData.swift */ = {isa = PBXFileReference; lastKnownFileType = sourcecode.swift; path = FirstData.swift; sourceTree = "<group>"; };
		6C15695827B840EF00D7C88B /* FirstDataModel.swift */ = {isa = PBXFileReference; lastKnownFileType = sourcecode.swift; path = FirstDataModel.swift; sourceTree = "<group>"; };
		6C36800C27BE5B0400427E7F /* LyricsContentView.swift */ = {isa = PBXFileReference; lastKnownFileType = sourcecode.swift; path = LyricsContentView.swift; sourceTree = "<group>"; };
		6CC4B84F27CAEDA0000C1F25 /* APIKey.swift */ = {isa = PBXFileReference; lastKnownFileType = sourcecode.swift; path = APIKey.swift; sourceTree = "<group>"; };
		6CD2540227BA70DD00528397 /* ResultsList.swift */ = {isa = PBXFileReference; lastKnownFileType = sourcecode.swift; path = ResultsList.swift; sourceTree = "<group>"; };
		6CD2540427BA73F900528397 /* ResultData.swift */ = {isa = PBXFileReference; lastKnownFileType = sourcecode.swift; path = ResultData.swift; sourceTree = "<group>"; };
		6CD2540627BA753500528397 /* ResultModel.swift */ = {isa = PBXFileReference; lastKnownFileType = sourcecode.swift; path = ResultModel.swift; sourceTree = "<group>"; };
		6CD6ADC327CD5EEC00EECBD2 /* SongInfo.swift */ = {isa = PBXFileReference; lastKnownFileType = sourcecode.swift; path = SongInfo.swift; sourceTree = "<group>"; };
		6CD6ADC527CD5F2D00EECBD2 /* IDTrackManager.swift */ = {isa = PBXFileReference; lastKnownFileType = sourcecode.swift; path = IDTrackManager.swift; sourceTree = "<group>"; };
/* End PBXFileReference section */

/* Begin PBXFrameworksBuildPhase section */
		6C15693B27B7BC6500D7C88B /* Frameworks */ = {
			isa = PBXFrameworksBuildPhase;
			buildActionMask = 2147483647;
			files = (
			);
			runOnlyForDeploymentPostprocessing = 0;
		};
/* End PBXFrameworksBuildPhase section */

/* Begin PBXGroup section */
		6C15693527B7BC6500D7C88B = {
			isa = PBXGroup;
			children = (
				6C15694027B7BC6500D7C88B /* SongLyricsAPI */,
				6C15693F27B7BC6500D7C88B /* Products */,
			);
			sourceTree = "<group>";
		};
		6C15693F27B7BC6500D7C88B /* Products */ = {
			isa = PBXGroup;
			children = (
				6C15693E27B7BC6500D7C88B /* SongLyricsAPI.app */,
			);
			name = Products;
			sourceTree = "<group>";
		};
		6C15694027B7BC6500D7C88B /* SongLyricsAPI */ = {
			isa = PBXGroup;
			children = (
				6C15694127B7BC6500D7C88B /* SongLyricsAPI.swift */,
				6C15694327B7BC6500D7C88B /* ContentView.swift */,
				6C36800C27BE5B0400427E7F /* LyricsContentView.swift */,
				6C15694527B7BC6600D7C88B /* Assets.xcassets */,
				6C15694727B7BC6600D7C88B /* Preview Content */,
				6C15695127B7C6DD00D7C88B /* APIManager.swift */,
				6C15695627B83BAB00D7C88B /* FirstData.swift */,
				6C15695827B840EF00D7C88B /* FirstDataModel.swift */,
				6CD6ADC527CD5F2D00EECBD2 /* IDTrackManager.swift */,
				6CD2540227BA70DD00528397 /* ResultsList.swift */,
				6CD2540427BA73F900528397 /* ResultData.swift */,
				6CD2540627BA753500528397 /* ResultModel.swift */,
				6CC4B84F27CAEDA0000C1F25 /* APIKey.swift */,
				6CD6ADC327CD5EEC00EECBD2 /* SongInfo.swift */,
			);
			path = SongLyricsAPI;
			sourceTree = "<group>";
		};
		6C15694727B7BC6600D7C88B /* Preview Content */ = {
			isa = PBXGroup;
			children = (
				6C15694827B7BC6600D7C88B /* Preview Assets.xcassets */,
			);
			path = "Preview Content";
			sourceTree = "<group>";
		};
/* End PBXGroup section */

/* Begin PBXNativeTarget section */
		6C15693D27B7BC6500D7C88B /* SongLyricsAPI */ = {
			isa = PBXNativeTarget;
			buildConfigurationList = 6C15694C27B7BC6600D7C88B /* Build configuration list for PBXNativeTarget "SongLyricsAPI" */;
			buildPhases = (
				6C15693A27B7BC6500D7C88B /* Sources */,
				6C15693B27B7BC6500D7C88B /* Frameworks */,
				6C15693C27B7BC6500D7C88B /* Resources */,
			);
			buildRules = (
			);
			dependencies = (
			);
			name = SongLyricsAPI;
			productName = APITeachHear;
			productReference = 6C15693E27B7BC6500D7C88B /* SongLyricsAPI.app */;
			productType = "com.apple.product-type.application";
		};
/* End PBXNativeTarget section */

/* Begin PBXProject section */
		6C15693627B7BC6500D7C88B /* Project object */ = {
			isa = PBXProject;
			attributes = {
				BuildIndependentTargetsInParallel = 1;
				LastSwiftUpdateCheck = 1320;
				LastUpgradeCheck = 1320;
				TargetAttributes = {
					6C15693D27B7BC6500D7C88B = {
						CreatedOnToolsVersion = 13.2.1;
					};
				};
			};
			buildConfigurationList = 6C15693927B7BC6500D7C88B /* Build configuration list for PBXProject "SongLyricsAPI" */;
			compatibilityVersion = "Xcode 13.0";
			developmentRegion = en;
			hasScannedForEncodings = 0;
			knownRegions = (
				en,
				Base,
			);
			mainGroup = 6C15693527B7BC6500D7C88B;
			productRefGroup = 6C15693F27B7BC6500D7C88B /* Products */;
			projectDirPath = "";
			projectRoot = "";
			targets = (
				6C15693D27B7BC6500D7C88B /* SongLyricsAPI */,
			);
		};
/* End PBXProject section */

/* Begin PBXResourcesBuildPhase section */
		6C15693C27B7BC6500D7C88B /* Resources */ = {
			isa = PBXResourcesBuildPhase;
			buildActionMask = 2147483647;
			files = (
				6C15694927B7BC6600D7C88B /* Preview Assets.xcassets in Resources */,
				6C15694627B7BC6600D7C88B /* Assets.xcassets in Resources */,
			);
			runOnlyForDeploymentPostprocessing = 0;
		};
/* End PBXResourcesBuildPhase section */

/* Begin PBXSourcesBuildPhase section */
		6C15693A27B7BC6500D7C88B /* Sources */ = {
			isa = PBXSourcesBuildPhase;
			buildActionMask = 2147483647;
			files = (
				6CD2540727BA753500528397 /* ResultModel.swift in Sources */,
				6CD6ADC427CD5EEC00EECBD2 /* SongInfo.swift in Sources */,
				6CD2540327BA70DD00528397 /* ResultsList.swift in Sources */,
				6C15695227B7C6DD00D7C88B /* APIManager.swift in Sources */,
				6CD6ADC627CD5F2D00EECBD2 /* IDTrackManager.swift in Sources */,
				6CD2540527BA73F900528397 /* ResultData.swift in Sources */,
				6CC4B85027CAEDA0000C1F25 /* APIKey.swift in Sources */,
				6C15695927B840EF00D7C88B /* FirstDataModel.swift in Sources */,
				6C15694427B7BC6500D7C88B /* ContentView.swift in Sources */,
				6C15694227B7BC6500D7C88B /* SongLyricsAPI.swift in Sources */,
				6C36800D27BE5B0400427E7F /* LyricsContentView.swift in Sources */,
				6C15695727B83BAB00D7C88B /* FirstData.swift in Sources */,
			);
			runOnlyForDeploymentPostprocessing = 0;
		};
/* End PBXSourcesBuildPhase section */

/* Begin XCBuildConfiguration section */
		6C15694A27B7BC6600D7C88B /* Debug */ = {
			isa = XCBuildConfiguration;
			buildSettings = {
				ALWAYS_SEARCH_USER_PATHS = NO;
				CLANG_ANALYZER_NONNULL = YES;
				CLANG_ANALYZER_NUMBER_OBJECT_CONVERSION = YES_AGGRESSIVE;
				CLANG_CXX_LANGUAGE_STANDARD = "gnu++17";
				CLANG_CXX_LIBRARY = "libc++";
				CLANG_ENABLE_MODULES = YES;
				CLANG_ENABLE_OBJC_ARC = YES;
				CLANG_ENABLE_OBJC_WEAK = YES;
				CLANG_WARN_BLOCK_CAPTURE_AUTORELEASING = YES;
				CLANG_WARN_BOOL_CONVERSION = YES;
				CLANG_WARN_COMMA = YES;
				CLANG_WARN_CONSTANT_CONVERSION = YES;
				CLANG_WARN_DEPRECATED_OBJC_IMPLEMENTATIONS = YES;
				CLANG_WARN_DIRECT_OBJC_ISA_USAGE = YES_ERROR;
				CLANG_WARN_DOCUMENTATION_COMMENTS = YES;
				CLANG_WARN_EMPTY_BODY = YES;
				CLANG_WARN_ENUM_CONVERSION = YES;
				CLANG_WARN_INFINITE_RECURSION = YES;
				CLANG_WARN_INT_CONVERSION = YES;
				CLANG_WARN_NON_LITERAL_NULL_CONVERSION = YES;
				CLANG_WARN_OBJC_IMPLICIT_RETAIN_SELF = YES;
				CLANG_WARN_OBJC_LITERAL_CONVERSION = YES;
				CLANG_WARN_OBJC_ROOT_CLASS = YES_ERROR;
				CLANG_WARN_QUOTED_INCLUDE_IN_FRAMEWORK_HEADER = YES;
				CLANG_WARN_RANGE_LOOP_ANALYSIS = YES;
				CLANG_WARN_STRICT_PROTOTYPES = YES;
				CLANG_WARN_SUSPICIOUS_MOVE = YES;
				CLANG_WARN_UNGUARDED_AVAILABILITY = YES_AGGRESSIVE;
				CLANG_WARN_UNREACHABLE_CODE = YES;
				CLANG_WARN__DUPLICATE_METHOD_MATCH = YES;
				COPY_PHASE_STRIP = NO;
				DEBUG_INFORMATION_FORMAT = dwarf;
				ENABLE_STRICT_OBJC_MSGSEND = YES;
				ENABLE_TESTABILITY = YES;
				GCC_C_LANGUAGE_STANDARD = gnu11;
				GCC_DYNAMIC_NO_PIC = NO;
				GCC_NO_COMMON_BLOCKS = YES;
				GCC_OPTIMIZATION_LEVEL = 0;
				GCC_PREPROCESSOR_DEFINITIONS = (
					"DEBUG=1",
					"$(inherited)",
				);
				GCC_WARN_64_TO_32_BIT_CONVERSION = YES;
				GCC_WARN_ABOUT_RETURN_TYPE = YES_ERROR;
				GCC_WARN_UNDECLARED_SELECTOR = YES;
				GCC_WARN_UNINITIALIZED_AUTOS = YES_AGGRESSIVE;
				GCC_WARN_UNUSED_FUNCTION = YES;
				GCC_WARN_UNUSED_VARIABLE = YES;
				IPHONEOS_DEPLOYMENT_TARGET = 15.2;
				MTL_ENABLE_DEBUG_INFO = INCLUDE_SOURCE;
				MTL_FAST_MATH = YES;
				ONLY_ACTIVE_ARCH = YES;
				SDKROOT = iphoneos;
				SWIFT_ACTIVE_COMPILATION_CONDITIONS = DEBUG;
				SWIFT_OPTIMIZATION_LEVEL = "-Onone";
			};
			name = Debug;
		};
		6C15694B27B7BC6600D7C88B /* Release */ = {
			isa = XCBuildConfiguration;
			buildSettings = {
				ALWAYS_SEARCH_USER_PATHS = NO;
				CLANG_ANALYZER_NONNULL = YES;
				CLANG_ANALYZER_NUMBER_OBJECT_CONVERSION = YES_AGGRESSIVE;
				CLANG_CXX_LANGUAGE_STANDARD = "gnu++17";
				CLANG_CXX_LIBRARY = "libc++";
				CLANG_ENABLE_MODULES = YES;
				CLANG_ENABLE_OBJC_ARC = YES;
				CLANG_ENABLE_OBJC_WEAK = YES;
				CLANG_WARN_BLOCK_CAPTURE_AUTORELEASING = YES;
				CLANG_WARN_BOOL_CONVERSION = YES;
				CLANG_WARN_COMMA = YES;
				CLANG_WARN_CONSTANT_CONVERSION = YES;
				CLANG_WARN_DEPRECATED_OBJC_IMPLEMENTATIONS = YES;
				CLANG_WARN_DIRECT_OBJC_ISA_USAGE = YES_ERROR;
				CLANG_WARN_DOCUMENTATION_COMMENTS = YES;
				CLANG_WARN_EMPTY_BODY = YES;
				CLANG_WARN_ENUM_CONVERSION = YES;
				CLANG_WARN_INFINITE_RECURSION = YES;
				CLANG_WARN_INT_CONVERSION = YES;
				CLANG_WARN_NON_LITERAL_NULL_CONVERSION = YES;
				CLANG_WARN_OBJC_IMPLICIT_RETAIN_SELF = YES;
				CLANG_WARN_OBJC_LITERAL_CONVERSION = YES;
				CLANG_WARN_OBJC_ROOT_CLASS = YES_ERROR;
				CLANG_WARN_QUOTED_INCLUDE_IN_FRAMEWORK_HEADER = YES;
				CLANG_WARN_RANGE_LOOP_ANALYSIS = YES;
				CLANG_WARN_STRICT_PROTOTYPES = YES;
				CLANG_WARN_SUSPICIOUS_MOVE = YES;
				CLANG_WARN_UNGUARDED_AVAILABILITY = YES_AGGRESSIVE;
				CLANG_WARN_UNREACHABLE_CODE = YES;
				CLANG_WARN__DUPLICATE_METHOD_MATCH = YES;
				COPY_PHASE_STRIP = NO;
				DEBUG_INFORMATION_FORMAT = "dwarf-with-dsym";
				ENABLE_NS_ASSERTIONS = NO;
				ENABLE_STRICT_OBJC_MSGSEND = YES;
				GCC_C_LANGUAGE_STANDARD = gnu11;
				GCC_NO_COMMON_BLOCKS = YES;
				GCC_WARN_64_TO_32_BIT_CONVERSION = YES;
				GCC_WARN_ABOUT_RETURN_TYPE = YES_ERROR;
				GCC_WARN_UNDECLARED_SELECTOR = YES;
				GCC_WARN_UNINITIALIZED_AUTOS = YES_AGGRESSIVE;
				GCC_WARN_UNUSED_FUNCTION = YES;
				GCC_WARN_UNUSED_VARIABLE = YES;
				IPHONEOS_DEPLOYMENT_TARGET = 15.2;
				MTL_ENABLE_DEBUG_INFO = NO;
				MTL_FAST_MATH = YES;
				SDKROOT = iphoneos;
				SWIFT_COMPILATION_MODE = wholemodule;
				SWIFT_OPTIMIZATION_LEVEL = "-O";
				VALIDATE_PRODUCT = YES;
			};
			name = Release;
		};
		6C15694D27B7BC6600D7C88B /* Debug */ = {
			isa = XCBuildConfiguration;
			buildSettings = {
				ASSETCATALOG_COMPILER_APPICON_NAME = AppIcon;
				ASSETCATALOG_COMPILER_GLOBAL_ACCENT_COLOR_NAME = AccentColor;
				CODE_SIGN_STYLE = Automatic;
				CURRENT_PROJECT_VERSION = 1;
				DEVELOPMENT_ASSET_PATHS = "\"SongLyricsAPI/Preview Content\"";
				DEVELOPMENT_TEAM = 9S8YS24U6S;
				ENABLE_PREVIEWS = YES;
				GENERATE_INFOPLIST_FILE = YES;
				INFOPLIST_KEY_UIApplicationSceneManifest_Generation = YES;
				INFOPLIST_KEY_UIApplicationSupportsIndirectInputEvents = YES;
				INFOPLIST_KEY_UILaunchScreen_Generation = YES;
				INFOPLIST_KEY_UISupportedInterfaceOrientations_iPad = "UIInterfaceOrientationPortrait UIInterfaceOrientationPortraitUpsideDown UIInterfaceOrientationLandscapeLeft UIInterfaceOrientationLandscapeRight";
				INFOPLIST_KEY_UISupportedInterfaceOrientations_iPhone = "UIInterfaceOrientationPortrait UIInterfaceOrientationLandscapeLeft UIInterfaceOrientationLandscapeRight";
				LD_RUNPATH_SEARCH_PATHS = (
					"$(inherited)",
					"@executable_path/Frameworks",
				);
				MARKETING_VERSION = 1.0;
				PRODUCT_BUNDLE_IDENTIFIER = com.Cas9Diego.APITeachHear;
				PRODUCT_NAME = SongLyricsAPI;
				SWIFT_EMIT_LOC_STRINGS = YES;
				SWIFT_VERSION = 5.0;
				TARGETED_DEVICE_FAMILY = "1,2";
			};
			name = Debug;
		};
		6C15694E27B7BC6600D7C88B /* Release */ = {
			isa = XCBuildConfiguration;
			buildSettings = {
				ASSETCATALOG_COMPILER_APPICON_NAME = AppIcon;
				ASSETCATALOG_COMPILER_GLOBAL_ACCENT_COLOR_NAME = AccentColor;
				CODE_SIGN_STYLE = Automatic;
				CURRENT_PROJECT_VERSION = 1;
				DEVELOPMENT_ASSET_PATHS = "\"SongLyricsAPI/Preview Content\"";
				DEVELOPMENT_TEAM = 9S8YS24U6S;
				ENABLE_PREVIEWS = YES;
				GENERATE_INFOPLIST_FILE = YES;
				INFOPLIST_KEY_UIApplicationSceneManifest_Generation = YES;
				INFOPLIST_KEY_UIApplicationSupportsIndirectInputEvents = YES;
				INFOPLIST_KEY_UILaunchScreen_Generation = YES;
				INFOPLIST_KEY_UISupportedInterfaceOrientations_iPad = "UIInterfaceOrientationPortrait UIInterfaceOrientationPortraitUpsideDown UIInterfaceOrientationLandscapeLeft UIInterfaceOrientationLandscapeRight";
				INFOPLIST_KEY_UISupportedInterfaceOrientations_iPhone = "UIInterfaceOrientationPortrait UIInterfaceOrientationLandscapeLeft UIInterfaceOrientationLandscapeRight";
				LD_RUNPATH_SEARCH_PATHS = (
					"$(inherited)",
					"@executable_path/Frameworks",
				);
				MARKETING_VERSION = 1.0;
				PRODUCT_BUNDLE_IDENTIFIER = com.Cas9Diego.APITeachHear;
				PRODUCT_NAME = SongLyricsAPI;
				SWIFT_EMIT_LOC_STRINGS = YES;
				SWIFT_VERSION = 5.0;
				TARGETED_DEVICE_FAMILY = "1,2";
			};
			name = Release;
		};
/* End XCBuildConfiguration section */

/* Begin XCConfigurationList section */
		6C15693927B7BC6500D7C88B /* Build configuration list for PBXProject "SongLyricsAPI" */ = {
			isa = XCConfigurationList;
			buildConfigurations = (
				6C15694A27B7BC6600D7C88B /* Debug */,
				6C15694B27B7BC6600D7C88B /* Release */,
			);
			defaultConfigurationIsVisible = 0;
			defaultConfigurationName = Release;
		};
		6C15694C27B7BC6600D7C88B /* Build configuration list for PBXNativeTarget "SongLyricsAPI" */ = {
			isa = XCConfigurationList;
			buildConfigurations = (
				6C15694D27B7BC6600D7C88B /* Debug */,
				6C15694E27B7BC6600D7C88B /* Release */,
			);
			defaultConfigurationIsVisible = 0;
			defaultConfigurationName = Release;
		};
/* End XCConfigurationList section */
	};
	rootObject = 6C15693627B7BC6500D7C88B /* Project object */;
}
